<Solution>
  <Folder Name="/src/">
    <Project Path="src/PixelCompanion.Core/PixelCompanion.Core.csproj" />
    <Project Path="src/PixelCompanion.Desktop/PixelCompanion.Desktop.csproj" />
    <Project Path="src/PixelCompanion.Config/PixelCompanion.Config.csproj" />
  </Folder>
  <Folder Name="/tests/">
    <Project Path="tests/PixelCompanion.Core.Tests/PixelCompanion.Core.Tests.csproj" />
  </Folder>
</Solution>

